
Microsoft Visual Studio Solution File, Format Version 12.00
# Visual Studio Version 17
VisualStudioVersion = 17.2.32630.192
MinimumVisualStudioVersion = 10.0.40219.1
Project("{2150E333-8FDC-42A3-9474-1A3956D46DE8}") = "_build", "_build", "{3E115441-C1BA-4467-BE02-8BB6C1020488}"
EndProject
Project("{9A19103F-16F7-4668-BE54-9A1E7A4F7556}") = "_build", "build\_build.csproj", "{6391D531-E617-4AFA-A2F0-1D114E350072}"
EndProject
Project("{9A19103F-16F7-4668-BE54-9A1E7A4F7556}") = "CreativeCoders.HomeMatic.Core", "source\CreativeCoders.HomeMatic.Core\CreativeCoders.HomeMatic.Core.csproj", "{33773A69-F53A-4BC8-B3B9-564C8C9B0E23}"
EndProject
Project("{9A19103F-16F7-4668-BE54-9A1E7A4F7556}") = "CreativeCoders.HomeMatic.XmlRpc", "source\CreativeCoders.HomeMatic.XmlRpc\CreativeCoders.HomeMatic.XmlRpc.csproj", "{C8E5E8C0-FAA5-49D3-B121-F5E5BBF7C0EF}"
EndProject
Project("{9A19103F-16F7-4668-BE54-9A1E7A4F7556}") = "CreativeCoders.HomeMatic.Api", "source\CreativeCoders.HomeMatic.Api\CreativeCoders.HomeMatic.Api.csproj", "{389F2F84-07C6-43AE-9BA6-0F9417B6456B}"
EndProject
Project("{2150E333-8FDC-42A3-9474-1A3956D46DE8}") = "Tools", "Tools", "{13FED5D5-41CE-4DB5-A0FD-5A1EB5FBEF51}"
EndProject
Project("{2150E333-8FDC-42A3-9474-1A3956D46DE8}") = "__global", "__global", "{73022F12-1D56-44FF-AFF1-9FEA43637836}"
	ProjectSection(SolutionItems) = preProject
		.gitattributes = .gitattributes
		.gitignore = .gitignore
		LICENSE = LICENSE
		GitVersion.yml = GitVersion.yml
	EndProjectSection
EndProject
Project("{9A19103F-16F7-4668-BE54-9A1E7A4F7556}") = "CreativeCoders.HomeMatic.Api.Core", "source\CreativeCoders.HomeMatic.Api.Core\CreativeCoders.HomeMatic.Api.Core.csproj", "{3D405BF1-0DA8-4F37-9AF1-E95B059F7123}"
EndProject
Project("{2150E333-8FDC-42A3-9474-1A3956D46DE8}") = "Cli", "Cli", "{B79F3B3E-C9CE-4629-ADE3-B1659AF9C673}"
EndProject
Project("{FAE04EC0-301F-11D3-BF4B-00C04F79EFBC}") = "CreativeCoders.HomeMatic.Tools.Cli", "source\Tools\Cli\CreativeCoders.HomeMatic.Tools.Cli\CreativeCoders.HomeMatic.Tools.Cli.csproj", "{89F70DF5-22A6-4E94-ADE7-A18DE3A4D378}"
EndProject
Project("{FAE04EC0-301F-11D3-BF4B-00C04F79EFBC}") = "CreativeCoders.HomeMatic.Tools.Cli.Base", "source\Tools\Cli\CreativeCoders.HomeMatic.Tools.Cli.Base\CreativeCoders.HomeMatic.Tools.Cli.Base.csproj", "{5F02B2B8-FC8C-44D8-A0CD-E9E31115EAB5}"
EndProject
Project("{2150E333-8FDC-42A3-9474-1A3956D46DE8}") = "Commands", "Commands", "{9525D056-2D64-4426-AF5F-0F42D2D40946}"
EndProject
Project("{FAE04EC0-301F-11D3-BF4B-00C04F79EFBC}") = "CreativeCoders.HomeMatic.Tools.Cli.Commands.Basic", "source\Tools\Cli\CreativeCoders.HomeMatic.Tools.Cli.Commands.Basic\CreativeCoders.HomeMatic.Tools.Cli.Commands.Basic.csproj", "{50446171-3D45-400A-9E5D-7FB5A1D46D54}"
EndProject
Project("{FAE04EC0-301F-11D3-BF4B-00C04F79EFBC}") = "CreativeCoders.HomeMatic.JsonRpc", "source\CreativeCoders.HomeMatic.JsonRpc\CreativeCoders.HomeMatic.JsonRpc.csproj", "{1DB2232F-17CF-40AF-9190-09441C860BEB}"
EndProject
Project("{2150E333-8FDC-42A3-9474-1A3956D46DE8}") = "samples", "samples", "{0CBB6422-3CF8-4014-B881-E48DBC964D99}"
	ProjectSection(SolutionItems) = preProject
		samples\Directory.Build.props = samples\Directory.Build.props
	EndProjectSection
EndProject
Project("{FAE04EC0-301F-11D3-BF4B-00C04F79EFBC}") = "HomeMaticConsoleTestApp", "samples\HomeMaticConsoleTestApp\HomeMaticConsoleTestApp.csproj", "{15C3A03E-F2A5-4497-B0DE-A9EB73C9E6AF}"
EndProject
Project("{2150E333-8FDC-42A3-9474-1A3956D46DE8}") = "source", "source", "{7DBE5A9D-0500-4C35-A673-481C411B0FA1}"
	ProjectSection(SolutionItems) = preProject
		source\Directory.Build.props = source\Directory.Build.props
	EndProjectSection
EndProject
Project("{2150E333-8FDC-42A3-9474-1A3956D46DE8}") = "tests", "tests", "{5BD797BA-4D66-4F55-A55E-5F1063678D8B}"
	ProjectSection(SolutionItems) = preProject
		tests\Directory.Build.props = tests\Directory.Build.props
	EndProjectSection
EndProject
Project("{FAE04EC0-301F-11D3-BF4B-00C04F79EFBC}") = "CreativeCoders.HomeMatic.JsonRpc.Tests", "tests\CreativeCoders.HomeMatic.JsonRpc.Tests\CreativeCoders.HomeMatic.JsonRpc.Tests.csproj", "{91834652-D1F2-4563-B684-AAF776E6B341}"
EndProject
Project("{FAE04EC0-301F-11D3-BF4B-00C04F79EFBC}") = "CreativeCoders.HomeMatic.Client.Core", "source\CreativeCoders.HomeMatic.Client.Core\CreativeCoders.HomeMatic.Client.Core.csproj", "{3B423C7A-5AEA-40FF-8DA9-6A2B86F4D412}"
EndProject
Project("{FAE04EC0-301F-11D3-BF4B-00C04F79EFBC}") = "CreativeCoders.HomeMatic.Client", "source\CreativeCoders.HomeMatic.Client\CreativeCoders.HomeMatic.Client.csproj", "{17014207-F5B6-4B7A-A44D-781ACBAB4079}"
EndProject
Project("{2150E333-8FDC-42A3-9474-1A3956D46DE8}") = "ControlCenter", "ControlCenter", "{5C74AB3A-97CE-4E28-A3C4-B39C8F039282}"
EndProject
Project("{FAE04EC0-301F-11D3-BF4B-00C04F79EFBC}") = "CreativeCoders.HomeMatic.Tools.ControlCenter.Backend", "source\Tools\ControlCenter\CreativeCoders.HomeMatic.Tools.ControlCenter.Backend\CreativeCoders.HomeMatic.Tools.ControlCenter.Backend.csproj", "{84439B01-9A35-462C-AA22-2B2601CAAC49}"
EndProject
Project("{FAE04EC0-301F-11D3-BF4B-00C04F79EFBC}") = "CreativeCoders.HomeMatic.Tools.ControlCenter.Backend.Repositories", "source\Tools\ControlCenter\CreativeCoders.HomeMatic.Tools.ControlCenter.Backend.Repositories\CreativeCoders.HomeMatic.Tools.ControlCenter.Backend.Repositories.csproj", "{7F076717-8D5E-4AC1-846D-171E781D11CA}"
EndProject
Global
	GlobalSection(SolutionConfigurationPlatforms) = preSolution
		Debug|Any CPU = Debug|Any CPU
		Release|Any CPU = Release|Any CPU
	EndGlobalSection
	GlobalSection(ProjectConfigurationPlatforms) = postSolution
		{6391D531-E617-4AFA-A2F0-1D114E350072}.Debug|Any CPU.ActiveCfg = Debug|Any CPU
		{6391D531-E617-4AFA-A2F0-1D114E350072}.Release|Any CPU.ActiveCfg = Release|Any CPU
		{33773A69-F53A-4BC8-B3B9-564C8C9B0E23}.Debug|Any CPU.ActiveCfg = Debug|Any CPU
		{33773A69-F53A-4BC8-B3B9-564C8C9B0E23}.Debug|Any CPU.Build.0 = Debug|Any CPU
		{33773A69-F53A-4BC8-B3B9-564C8C9B0E23}.Release|Any CPU.ActiveCfg = Release|Any CPU
		{33773A69-F53A-4BC8-B3B9-564C8C9B0E23}.Release|Any CPU.Build.0 = Release|Any CPU
		{C8E5E8C0-FAA5-49D3-B121-F5E5BBF7C0EF}.Debug|Any CPU.ActiveCfg = Debug|Any CPU
		{C8E5E8C0-FAA5-49D3-B121-F5E5BBF7C0EF}.Debug|Any CPU.Build.0 = Debug|Any CPU
		{C8E5E8C0-FAA5-49D3-B121-F5E5BBF7C0EF}.Release|Any CPU.ActiveCfg = Release|Any CPU
		{C8E5E8C0-FAA5-49D3-B121-F5E5BBF7C0EF}.Release|Any CPU.Build.0 = Release|Any CPU
		{389F2F84-07C6-43AE-9BA6-0F9417B6456B}.Debug|Any CPU.ActiveCfg = Debug|Any CPU
		{389F2F84-07C6-43AE-9BA6-0F9417B6456B}.Debug|Any CPU.Build.0 = Debug|Any CPU
		{389F2F84-07C6-43AE-9BA6-0F9417B6456B}.Release|Any CPU.ActiveCfg = Release|Any CPU
		{389F2F84-07C6-43AE-9BA6-0F9417B6456B}.Release|Any CPU.Build.0 = Release|Any CPU
		{3D405BF1-0DA8-4F37-9AF1-E95B059F7123}.Debug|Any CPU.ActiveCfg = Debug|Any CPU
		{3D405BF1-0DA8-4F37-9AF1-E95B059F7123}.Debug|Any CPU.Build.0 = Debug|Any CPU
		{3D405BF1-0DA8-4F37-9AF1-E95B059F7123}.Release|Any CPU.ActiveCfg = Release|Any CPU
		{3D405BF1-0DA8-4F37-9AF1-E95B059F7123}.Release|Any CPU.Build.0 = Release|Any CPU
		{89F70DF5-22A6-4E94-ADE7-A18DE3A4D378}.Debug|Any CPU.ActiveCfg = Debug|Any CPU
		{89F70DF5-22A6-4E94-ADE7-A18DE3A4D378}.Debug|Any CPU.Build.0 = Debug|Any CPU
		{89F70DF5-22A6-4E94-ADE7-A18DE3A4D378}.Release|Any CPU.ActiveCfg = Release|Any CPU
		{89F70DF5-22A6-4E94-ADE7-A18DE3A4D378}.Release|Any CPU.Build.0 = Release|Any CPU
		{5F02B2B8-FC8C-44D8-A0CD-E9E31115EAB5}.Debug|Any CPU.ActiveCfg = Debug|Any CPU
		{5F02B2B8-FC8C-44D8-A0CD-E9E31115EAB5}.Debug|Any CPU.Build.0 = Debug|Any CPU
		{5F02B2B8-FC8C-44D8-A0CD-E9E31115EAB5}.Release|Any CPU.ActiveCfg = Release|Any CPU
		{5F02B2B8-FC8C-44D8-A0CD-E9E31115EAB5}.Release|Any CPU.Build.0 = Release|Any CPU
		{50446171-3D45-400A-9E5D-7FB5A1D46D54}.Debug|Any CPU.ActiveCfg = Debug|Any CPU
		{50446171-3D45-400A-9E5D-7FB5A1D46D54}.Debug|Any CPU.Build.0 = Debug|Any CPU
		{50446171-3D45-400A-9E5D-7FB5A1D46D54}.Release|Any CPU.ActiveCfg = Release|Any CPU
		{50446171-3D45-400A-9E5D-7FB5A1D46D54}.Release|Any CPU.Build.0 = Release|Any CPU
		{1DB2232F-17CF-40AF-9190-09441C860BEB}.Debug|Any CPU.ActiveCfg = Debug|Any CPU
		{1DB2232F-17CF-40AF-9190-09441C860BEB}.Debug|Any CPU.Build.0 = Debug|Any CPU
		{1DB2232F-17CF-40AF-9190-09441C860BEB}.Release|Any CPU.ActiveCfg = Release|Any CPU
		{1DB2232F-17CF-40AF-9190-09441C860BEB}.Release|Any CPU.Build.0 = Release|Any CPU
		{15C3A03E-F2A5-4497-B0DE-A9EB73C9E6AF}.Debug|Any CPU.ActiveCfg = Debug|Any CPU
		{15C3A03E-F2A5-4497-B0DE-A9EB73C9E6AF}.Debug|Any CPU.Build.0 = Debug|Any CPU
		{15C3A03E-F2A5-4497-B0DE-A9EB73C9E6AF}.Release|Any CPU.ActiveCfg = Release|Any CPU
		{15C3A03E-F2A5-4497-B0DE-A9EB73C9E6AF}.Release|Any CPU.Build.0 = Release|Any CPU
		{91834652-D1F2-4563-B684-AAF776E6B341}.Debug|Any CPU.ActiveCfg = Debug|Any CPU
		{91834652-D1F2-4563-B684-AAF776E6B341}.Debug|Any CPU.Build.0 = Debug|Any CPU
		{91834652-D1F2-4563-B684-AAF776E6B341}.Release|Any CPU.ActiveCfg = Release|Any CPU
		{91834652-D1F2-4563-B684-AAF776E6B341}.Release|Any CPU.Build.0 = Release|Any CPU
		{3B423C7A-5AEA-40FF-8DA9-6A2B86F4D412}.Debug|Any CPU.ActiveCfg = Debug|Any CPU
		{3B423C7A-5AEA-40FF-8DA9-6A2B86F4D412}.Debug|Any CPU.Build.0 = Debug|Any CPU
		{3B423C7A-5AEA-40FF-8DA9-6A2B86F4D412}.Release|Any CPU.ActiveCfg = Release|Any CPU
		{3B423C7A-5AEA-40FF-8DA9-6A2B86F4D412}.Release|Any CPU.Build.0 = Release|Any CPU
		{17014207-F5B6-4B7A-A44D-781ACBAB4079}.Debug|Any CPU.ActiveCfg = Debug|Any CPU
		{17014207-F5B6-4B7A-A44D-781ACBAB4079}.Debug|Any CPU.Build.0 = Debug|Any CPU
		{17014207-F5B6-4B7A-A44D-781ACBAB4079}.Release|Any CPU.ActiveCfg = Release|Any CPU
		{17014207-F5B6-4B7A-A44D-781ACBAB4079}.Release|Any CPU.Build.0 = Release|Any CPU
		{84439B01-9A35-462C-AA22-2B2601CAAC49}.Debug|Any CPU.ActiveCfg = Debug|Any CPU
		{84439B01-9A35-462C-AA22-2B2601CAAC49}.Debug|Any CPU.Build.0 = Debug|Any CPU
		{84439B01-9A35-462C-AA22-2B2601CAAC49}.Release|Any CPU.ActiveCfg = Release|Any CPU
		{84439B01-9A35-462C-AA22-2B2601CAAC49}.Release|Any CPU.Build.0 = Release|Any CPU
		{7F076717-8D5E-4AC1-846D-171E781D11CA}.Debug|Any CPU.ActiveCfg = Debug|Any CPU
		{7F076717-8D5E-4AC1-846D-171E781D11CA}.Debug|Any CPU.Build.0 = Debug|Any CPU
		{7F076717-8D5E-4AC1-846D-171E781D11CA}.Release|Any CPU.ActiveCfg = Release|Any CPU
		{7F076717-8D5E-4AC1-846D-171E781D11CA}.Release|Any CPU.Build.0 = Release|Any CPU
	EndGlobalSection
	GlobalSection(SolutionProperties) = preSolution
		HideSolutionNode = FALSE
	EndGlobalSection
	GlobalSection(NestedProjects) = preSolution
		{6391D531-E617-4AFA-A2F0-1D114E350072} = {3E115441-C1BA-4467-BE02-8BB6C1020488}
		{B79F3B3E-C9CE-4629-ADE3-B1659AF9C673} = {13FED5D5-41CE-4DB5-A0FD-5A1EB5FBEF51}
		{89F70DF5-22A6-4E94-ADE7-A18DE3A4D378} = {B79F3B3E-C9CE-4629-ADE3-B1659AF9C673}
		{5F02B2B8-FC8C-44D8-A0CD-E9E31115EAB5} = {B79F3B3E-C9CE-4629-ADE3-B1659AF9C673}
		{9525D056-2D64-4426-AF5F-0F42D2D40946} = {B79F3B3E-C9CE-4629-ADE3-B1659AF9C673}
		{50446171-3D45-400A-9E5D-7FB5A1D46D54} = {9525D056-2D64-4426-AF5F-0F42D2D40946}
		{15C3A03E-F2A5-4497-B0DE-A9EB73C9E6AF} = {0CBB6422-3CF8-4014-B881-E48DBC964D99}
		{13FED5D5-41CE-4DB5-A0FD-5A1EB5FBEF51} = {7DBE5A9D-0500-4C35-A673-481C411B0FA1}
		{389F2F84-07C6-43AE-9BA6-0F9417B6456B} = {7DBE5A9D-0500-4C35-A673-481C411B0FA1}
		{3D405BF1-0DA8-4F37-9AF1-E95B059F7123} = {7DBE5A9D-0500-4C35-A673-481C411B0FA1}
		{33773A69-F53A-4BC8-B3B9-564C8C9B0E23} = {7DBE5A9D-0500-4C35-A673-481C411B0FA1}
		{1DB2232F-17CF-40AF-9190-09441C860BEB} = {7DBE5A9D-0500-4C35-A673-481C411B0FA1}
		{C8E5E8C0-FAA5-49D3-B121-F5E5BBF7C0EF} = {7DBE5A9D-0500-4C35-A673-481C411B0FA1}
		{91834652-D1F2-4563-B684-AAF776E6B341} = {5BD797BA-4D66-4F55-A55E-5F1063678D8B}
		{3B423C7A-5AEA-40FF-8DA9-6A2B86F4D412} = {7DBE5A9D-0500-4C35-A673-481C411B0FA1}
		{17014207-F5B6-4B7A-A44D-781ACBAB4079} = {7DBE5A9D-0500-4C35-A673-481C411B0FA1}
		{5C74AB3A-97CE-4E28-A3C4-B39C8F039282} = {13FED5D5-41CE-4DB5-A0FD-5A1EB5FBEF51}
		{84439B01-9A35-462C-AA22-2B2601CAAC49} = {5C74AB3A-97CE-4E28-A3C4-B39C8F039282}
		{7F076717-8D5E-4AC1-846D-171E781D11CA} = {5C74AB3A-97CE-4E28-A3C4-B39C8F039282}
	EndGlobalSection
	GlobalSection(ExtensibilityGlobals) = postSolution
		SolutionGuid = {3E5E58EB-0096-4ED2-B1DE-D7FC5951CAB7}
	EndGlobalSection
EndGlobal
