
Microsoft Visual Studio Solution File, Format Version 12.00
# Visual Studio Version 17
VisualStudioVersion = 17.2.32630.192
MinimumVisualStudioVersion = 10.0.40219.1
Project("{2150E333-8FDC-42A3-9474-1A3956D46DE8}") = "_build", "_build", "{3E115441-C1BA-4467-BE02-8BB6C1020488}"
EndProject
Project("{9A19103F-16F7-4668-BE54-9A1E7A4F7556}") = "_build", "..\build\_build.csproj", "{6391D531-E617-4AFA-A2F0-1D114E350072}"
EndProject
Project("{9A19103F-16F7-4668-BE54-9A1E7A4F7556}") = "CreativeCoders.HomeMatic.Core", "CreativeCoders.HomeMatic.Core\CreativeCoders.HomeMatic.Core.csproj", "{33773A69-F53A-4BC8-B3B9-564C8C9B0E23}"
EndProject
Project("{9A19103F-16F7-4668-BE54-9A1E7A4F7556}") = "CreativeCoders.HomeMatic.XmlRpc", "CreativeCoders.HomeMatic.XmlRpc\CreativeCoders.HomeMatic.XmlRpc.csproj", "{C8E5E8C0-FAA5-49D3-B121-F5E5BBF7C0EF}"
EndProject
Project("{9A19103F-16F7-4668-BE54-9A1E7A4F7556}") = "CreativeCoders.HomeMatic.Api", "CreativeCoders.HomeMatic.Api\CreativeCoders.HomeMatic.Api.csproj", "{389F2F84-07C6-43AE-9BA6-0F9417B6456B}"
EndProject
Project("{2150E333-8FDC-42A3-9474-1A3956D46DE8}") = "Tools", "Tools", "{13FED5D5-41CE-4DB5-A0FD-5A1EB5FBEF51}"
EndProject
Project("{2150E333-8FDC-42A3-9474-1A3956D46DE8}") = "__global", "__global", "{73022F12-1D56-44FF-AFF1-9FEA43637836}"
	ProjectSection(SolutionItems) = preProject
		..\.gitattributes = ..\.gitattributes
		..\.gitignore = ..\.gitignore
		..\LICENSE = ..\LICENSE
	EndProjectSection
EndProject
Project("{9A19103F-16F7-4668-BE54-9A1E7A4F7556}") = "CreativeCoders.HomeMatic.Api.Core", "CreativeCoders.HomeMatic.Api.Core\CreativeCoders.HomeMatic.Api.Core.csproj", "{3D405BF1-0DA8-4F37-9AF1-E95B059F7123}"
EndProject
Project("{2150E333-8FDC-42A3-9474-1A3956D46DE8}") = "Cli", "Cli", "{B79F3B3E-C9CE-4629-ADE3-B1659AF9C673}"
EndProject
Project("{FAE04EC0-301F-11D3-BF4B-00C04F79EFBC}") = "CreativeCoders.HomeMatic.Tools.Cli", "Tools\Cli\CreativeCoders.HomeMatic.Tools.Cli\CreativeCoders.HomeMatic.Tools.Cli.csproj", "{89F70DF5-22A6-4E94-ADE7-A18DE3A4D378}"
EndProject
Project("{FAE04EC0-301F-11D3-BF4B-00C04F79EFBC}") = "CreativeCoders.HomeMatic.Tools.Cli.Base", "Tools\Cli\CreativeCoders.HomeMatic.Tools.Cli.Base\CreativeCoders.HomeMatic.Tools.Cli.Base.csproj", "{5F02B2B8-FC8C-44D8-A0CD-E9E31115EAB5}"
EndProject
Project("{2150E333-8FDC-42A3-9474-1A3956D46DE8}") = "Commands", "Commands", "{9525D056-2D64-4426-AF5F-0F42D2D40946}"
EndProject
Project("{FAE04EC0-301F-11D3-BF4B-00C04F79EFBC}") = "CreativeCoders.HomeMatic.Tools.Cli.Commands.Basic", "Tools\Cli\CreativeCoders.HomeMatic.Tools.Cli.Commands.Basic\CreativeCoders.HomeMatic.Tools.Cli.Commands.Basic.csproj", "{50446171-3D45-400A-9E5D-7FB5A1D46D54}"
EndProject
Global
	GlobalSection(SolutionConfigurationPlatforms) = preSolution
		Debug|Any CPU = Debug|Any CPU
		Release|Any CPU = Release|Any CPU
	EndGlobalSection
	GlobalSection(ProjectConfigurationPlatforms) = postSolution
		{6391D531-E617-4AFA-A2F0-1D114E350072}.Debug|Any CPU.ActiveCfg = Debug|Any CPU
		{6391D531-E617-4AFA-A2F0-1D114E350072}.Release|Any CPU.ActiveCfg = Release|Any CPU
		{33773A69-F53A-4BC8-B3B9-564C8C9B0E23}.Debug|Any CPU.ActiveCfg = Debug|Any CPU
		{33773A69-F53A-4BC8-B3B9-564C8C9B0E23}.Debug|Any CPU.Build.0 = Debug|Any CPU
		{33773A69-F53A-4BC8-B3B9-564C8C9B0E23}.Release|Any CPU.ActiveCfg = Release|Any CPU
		{33773A69-F53A-4BC8-B3B9-564C8C9B0E23}.Release|Any CPU.Build.0 = Release|Any CPU
		{C8E5E8C0-FAA5-49D3-B121-F5E5BBF7C0EF}.Debug|Any CPU.ActiveCfg = Debug|Any CPU
		{C8E5E8C0-FAA5-49D3-B121-F5E5BBF7C0EF}.Debug|Any CPU.Build.0 = Debug|Any CPU
		{C8E5E8C0-FAA5-49D3-B121-F5E5BBF7C0EF}.Release|Any CPU.ActiveCfg = Release|Any CPU
		{C8E5E8C0-FAA5-49D3-B121-F5E5BBF7C0EF}.Release|Any CPU.Build.0 = Release|Any CPU
		{389F2F84-07C6-43AE-9BA6-0F9417B6456B}.Debug|Any CPU.ActiveCfg = Debug|Any CPU
		{389F2F84-07C6-43AE-9BA6-0F9417B6456B}.Debug|Any CPU.Build.0 = Debug|Any CPU
		{389F2F84-07C6-43AE-9BA6-0F9417B6456B}.Release|Any CPU.ActiveCfg = Release|Any CPU
		{389F2F84-07C6-43AE-9BA6-0F9417B6456B}.Release|Any CPU.Build.0 = Release|Any CPU
		{3D405BF1-0DA8-4F37-9AF1-E95B059F7123}.Debug|Any CPU.ActiveCfg = Debug|Any CPU
		{3D405BF1-0DA8-4F37-9AF1-E95B059F7123}.Debug|Any CPU.Build.0 = Debug|Any CPU
		{3D405BF1-0DA8-4F37-9AF1-E95B059F7123}.Release|Any CPU.ActiveCfg = Release|Any CPU
		{3D405BF1-0DA8-4F37-9AF1-E95B059F7123}.Release|Any CPU.Build.0 = Release|Any CPU
		{89F70DF5-22A6-4E94-ADE7-A18DE3A4D378}.Debug|Any CPU.ActiveCfg = Debug|Any CPU
		{89F70DF5-22A6-4E94-ADE7-A18DE3A4D378}.Debug|Any CPU.Build.0 = Debug|Any CPU
		{89F70DF5-22A6-4E94-ADE7-A18DE3A4D378}.Release|Any CPU.ActiveCfg = Release|Any CPU
		{89F70DF5-22A6-4E94-ADE7-A18DE3A4D378}.Release|Any CPU.Build.0 = Release|Any CPU
		{5F02B2B8-FC8C-44D8-A0CD-E9E31115EAB5}.Debug|Any CPU.ActiveCfg = Debug|Any CPU
		{5F02B2B8-FC8C-44D8-A0CD-E9E31115EAB5}.Debug|Any CPU.Build.0 = Debug|Any CPU
		{5F02B2B8-FC8C-44D8-A0CD-E9E31115EAB5}.Release|Any CPU.ActiveCfg = Release|Any CPU
		{5F02B2B8-FC8C-44D8-A0CD-E9E31115EAB5}.Release|Any CPU.Build.0 = Release|Any CPU
		{50446171-3D45-400A-9E5D-7FB5A1D46D54}.Debug|Any CPU.ActiveCfg = Debug|Any CPU
		{50446171-3D45-400A-9E5D-7FB5A1D46D54}.Debug|Any CPU.Build.0 = Debug|Any CPU
		{50446171-3D45-400A-9E5D-7FB5A1D46D54}.Release|Any CPU.ActiveCfg = Release|Any CPU
		{50446171-3D45-400A-9E5D-7FB5A1D46D54}.Release|Any CPU.Build.0 = Release|Any CPU
	EndGlobalSection
	GlobalSection(SolutionProperties) = preSolution
		HideSolutionNode = FALSE
	EndGlobalSection
	GlobalSection(NestedProjects) = preSolution
		{6391D531-E617-4AFA-A2F0-1D114E350072} = {3E115441-C1BA-4467-BE02-8BB6C1020488}
		{B79F3B3E-C9CE-4629-ADE3-B1659AF9C673} = {13FED5D5-41CE-4DB5-A0FD-5A1EB5FBEF51}
		{89F70DF5-22A6-4E94-ADE7-A18DE3A4D378} = {B79F3B3E-C9CE-4629-ADE3-B1659AF9C673}
		{5F02B2B8-FC8C-44D8-A0CD-E9E31115EAB5} = {B79F3B3E-C9CE-4629-ADE3-B1659AF9C673}
		{9525D056-2D64-4426-AF5F-0F42D2D40946} = {B79F3B3E-C9CE-4629-ADE3-B1659AF9C673}
		{50446171-3D45-400A-9E5D-7FB5A1D46D54} = {9525D056-2D64-4426-AF5F-0F42D2D40946}
	EndGlobalSection
	GlobalSection(ExtensibilityGlobals) = postSolution
		SolutionGuid = {3E5E58EB-0096-4ED2-B1DE-D7FC5951CAB7}
	EndGlobalSection
EndGlobal
